# This file is automatically @generated by Cargo.
# It is not intended for manual editing.
version = 4

[[package]]
name = "vellora-cli"
version = "0.0.0"

[[package]]
name = "vellora-cos"
version = "0.0.0"

[[package]]
name = "vellora-engine"
version = "0.0.0"

[[package]]
name = "vellora-engine-client"
version = "0.0.0"

[[package]]
name = "vellora-inspect"
version = "0.0.0"

[[package]]
name = "vellora-ipc"
version = "0.0.0"

[[package]]
name = "vellora-render"
version = "0.0.0"
